cloud.google.com/go v0.123.0 h1:2NAUJwPR47q+E35uaJeYoNhuNEM9kM8SjgRgdeOJUSE=
cloud.google.com/go v0.123.0/go.mod h1:xBoMV08QcqUGuPW65Qfm1o9Y4zKZBpGS+7bImXLTAZU=
cloud.google.com/go/auth v0.23.2 h1:pxSCpfiji41hpzpPdMCftEUCezpgpqmmDdYiAjCKXxo=
cloud.google.com/go/auth v0.23.2/go.mod h1:4DhBRcqvtljQN3dJ57qtqbib5ZGCYE5f2crfiiC2EM0=
cloud.google.com/go/auth/oauth2adapt v0.2.8 h1:keo8NaayQZ6wimpNSmW5OPc283g65QNIiLpZnkHRbnc=
cloud.google.com/go/auth/oauth2adapt v0.2.8/go.mod h1:XQ9y31RkqZCcwJWNSx2Xvric3RrU88hAYYbjDWYDL+c=
cloud.google.com/go/billing v1.26.0 h1:6RRjbRd6iZKZFb7/MgRvmXKq/Ism02ckkZLJazj4CQ0=
cloud.google.com/go/billing v1.26.0/go.mod h1:axqDO1uHegh7u5qngkTfqN1djAeLGsWAFAblERgmgEk=
cloud.google.com/go/cloudquotas v1.12.0 h1:hoyQYlJ1uLUukqZgnxWafPzSzFCdfIqQMybVvOMpGOM=
cloud.google.com/go/cloudquotas v1.12.0/go.mod h1:gv5eyLJV19DZ4oDQOTIBERxdscQcRFscPockjRR8ln8=
cloud.google.com/go/cloudtasks v1.19.0 h1:+RK0lPIB6TlcBP7JyqmmhCNihp1Iw4QQ8uxcvlKhBVQ=
cloud.google.com/go/cloudtasks v1.19.0/go.mod h1:8q8wNubq0jFvXW5Pz8P3O7QWJBXOmfrY918FqTgIqHA=
cloud.google.com/go/compute/metadata v0.9.0 h1:pDUj4QMoPejqq20dK0Pg2N4yG9zIkYGdBtwLoEkH9Zs=
cloud.google.com/go/compute/metadata v0.9.0/go.mod h1:E0bWwX5wTnLPedCKqk3pJmVgCBSM6qQI1yTBdEb3C10=
cloud.google.com/go/firestore v1.25.0 h1:yY3rQKyQXNhnhETdseNayF6W1p4x0bdg9ZYS4hKJfOw=
cloud.google.com/go/firestore v1.25.0/go.mod h1:0PU6hj+r/QlhB6BLsRX+Kt/SYefTXrpYrBeHbYaSis8=
cloud.google.com/go/iam v1.13.0 h1:ufT3FPT5rFFXu6UtLkNoxaOaV5EuA1dsSkmemCSTo6U=
cloud.google.com/go/iam v1.13.0/go.mod h1:gHXdDEiPDvqd1q1KwBDGQlgZY/BwY760zU2LhOZS5w0=
cloud.google.com/go/longrunning v1.2.0 h1:WjYH3YHBGCxGJP9M4dWGHBfXr/cFIjMkNgWcJj7/iMM=
cloud.google.com/go/longrunning v1.2.0/go.mod h1:5KMQALFGOCtFoi2xSOA1u3H7WKlhmckgiyFw7+LGQp0=
cloud.google.com/go/resourcemanager v1.16.0 h1:aDf2RuuQ1Z+kbHHDzHyJNMHPGRFK+cMYfZIhWRaeRX0=
cloud.google.com/go/resourcemanager v1.16.0/go.mod h1:Hn4HPkLRnTuiUhFEFJg736Brt7BwlS84xYU06sc3STc=
cloud.google.com/go/serviceusage v1.15.0 h1:/rQQl4i+HFuZljYdauY5w8AVUGYl9uTD2+juM1MiewA=
cloud.google.com/go/serviceusage v1.15.0/go.mod h1:zTzxXSY22kIW2VTykOCi5p5HeHv2a/othkkOsV8jKY8=
github.com/GoogleCloudPlatform/opentelemetry-operations-go/detectors/gcp v1.36.0 h1:3SdxXLkgAfiHRWcGTq6fneq9jgoJzneiY0yPQnjoT2E=
github.com/GoogleCloudPlatform/opentelemetry-operations-go/detectors/gcp v1.36.0/go.mod h1:1iIdl0k+ppn9wT0wzR9H7HkSvIui/4qgtnKW10cQtds=
github.com/GoogleCloudPlatform/opentelemetry-operations-go/propagator v0.62.0 h1:TCUUWzznY+7/4H4vGZv78RVJp+A2VACkBBg9tlbMeSw=
github.com/GoogleCloudPlatform/opentelemetry-operations-go/propagator v0.62.0/go.mod h1:AdkhdCuEn0PHN0/RiyworzQZlk33fJJDalyZSdOXcm4=
github.com/cenkalti/backoff/v5 v5.0.3 h1:ZN+IMa753KfX5hd8vVaMixjnqRZ3y8CuJKRKj1xcsSM=
github.com/cenkalti/backoff/v5 v5.0.3/go.mod h1:rkhZdG3JZukswDf7f0cwqPNk4K0sa+F97BxZthm/crw=
github.com/cespare/xxhash/v2 v2.3.0 h1:UL815xU9SqsFlibzuggzjXhog7bL6oX9BbNZnL2UFvs=
github.com/cespare/xxhash/v2 v2.3.0/go.mod h1:VGX0DQ3Q6kWi7AoAeZDth3/j3BFtOZR5XLFGgcrjCOs=
github.com/cncf/xds/go v0.0.0-20260202195803-dba9d589def2 h1:aBangftG7EVZoUb69Os8IaYg++6uMOdKK83QtkkvJik=
github.com/cncf/xds/go v0.0.0-20260202195803-dba9d589def2/go.mod h1:qwXFYgsP6T7XnJtbKlf1HP8AjxZZyzxMmc+Lq5GjlU4=
github.com/envoyproxy/go-control-plane v0.14.0 h1:hbG2kr4RuFj222B6+7T83thSPqLjwBIfQawTkC++2HA=
github.com/envoyproxy/go-control-plane/envoy v1.37.0 h1:u3riX6BoYRfF4Dr7dwSOroNfdSbEPe9Yyl09/B6wBrQ=
github.com/envoyproxy/go-control-plane/envoy v1.37.0/go.mod h1:DReE9MMrmecPy+YvQOAOHNYMALuowAnbjjEMkkWOi6A=
github.com/envoyproxy/protoc-gen-validate v1.3.3 h1:MVQghNeW+LZcmXe7SY1V36Z+WFMDjpqGAGacLe2T0ds=
github.com/envoyproxy/protoc-gen-validate v1.3.3/go.mod h1:TsndJ/ngyIdQRhMcVVGDDHINPLWB7C82oDArY51KfB0=
github.com/felixge/httpsnoop v1.1.0 h1:3YtUj32ZZkqZtt3sZZsClsymw/QDuVfpNhoA31zeORc=
github.com/felixge/httpsnoop v1.1.0/go.mod h1:Zqxgdd+1Rkcz8euOqdr7lqgCRJztwr5hp9vDSi5UZCE=
github.com/go-logr/logr v1.2.2/go.mod h1:jdQByPbusPIv2/zmleS9BjJVeZ6kBagPoEUsqbVz/1A=
github.com/go-logr/logr v1.4.4 h1:tG4xh9yMsRCAiodLVTxyrkzSZ9+o0L1Kg/+cPVcbP/8=
github.com/go-logr/logr v1.4.4/go.mod h1:9T104GzyrTigFIr8wt5mBrctHMim0Nb2HLGrmQ40KvY=
github.com/go-logr/stdr v1.2.2 h1:hSWxHoqTgW2S2qGc0LTAI563KZ5YKYRhT3MFKZMbjag=
github.com/go-logr/stdr v1.2.2/go.mod h1:mMo/vtBO5dYbehREoey6XUKy/eSumjCCveDpRre4VKE=
github.com/golang/protobuf v1.5.4 h1:i7eJL8qZTpSEXOPTxNKhASYpMn+8e5Q6AdndVa1dWek=
github.com/golang/protobuf v1.5.4/go.mod h1:lnTiLA8Wa4RWRcIUkrtSVa5nRhsEGBg48fD6rSs7xps=
github.com/google/go-cmp v0.7.0 h1:wk8382ETsv4JYUZwIsn6YpYiWiBsYLSJiTsyBybVuN8=
github.com/google/go-cmp v0.7.0/go.mod h1:pXiqmnSA92OHEEa9HXL2W4E7lf9JzCmGVUdgjX3N/iU=
github.com/google/s2a-go v0.1.9 h1:LGD7gtMgezd8a/Xak7mEWL0PjoTQFvpRudN895yqKW0=
github.com/google/s2a-go v0.1.9/go.mod h1:YA0Ei2ZQL3acow2O62kdp9UlnvMmU7kA6Eutn0dXayM=
github.com/google/uuid v1.6.0 h1:NIvaJDMOsjHA8n1jAhLSgzrAzy1Hgr+hNrb57e+94F0=
github.com/google/uuid v1.6.0/go.mod h1:TIyPZe4MgqvfeYDBFedMoGGpEw/LqOeaOT+nhxU+yHo=
github.com/googleapis/enterprise-certificate-proxy v0.3.20 h1:t/xL64VUoN69MuMRQuJETqYGOw4Z9mSRJK9epIEtwFk=
github.com/googleapis/enterprise-certificate-proxy v0.3.20/go.mod h1:L3D/IQExI6LqEjBdXcZQ1WluSgigQmSwBboFstVPM4w=
github.com/googleapis/gax-go/v2 v2.24.0 h1:myMaPYyF9MecEmvQqMqomIwn9t/4KCZN9qnwsS76wlg=
github.com/googleapis/gax-go/v2 v2.24.0/go.mod h1:IaTHBDd7NHxSCiu0vEs8pQZu4dGZrWwuSoxCnk16OFM=
github.com/grpc-ecosystem/grpc-gateway/v2 v2.30.0 h1:/Tnpcb2E0Pz/tN9s3bfEY2Q8ePCEX9iuS+cneUwncnw=
github.com/grpc-ecosystem/grpc-gateway/v2 v2.30.0/go.mod h1:zOBXOsUaBSjKgmH4OGzV1esUpR3oUSCPYVd2cUBjKYY=
github.com/planetscale/vtprotobuf v0.6.1-0.20240319094008-0393e58bdf10 h1:GFCKgmp0tecUJ0sJuv4pzYCqS9+RGSn52M3FUwPs+uo=
github.com/planetscale/vtprotobuf v0.6.1-0.20240319094008-0393e58bdf10/go.mod h1:t/avpk3KcrXxUnYOhZhMXJlSEyie6gQbtLq5NM3loB8=
github.com/stretchr/testify v1.12.1 h1:EuwCh5fleGS7H32xRwO3wRGT7DxrDhLAT6FF8MpWDWE=
github.com/stretchr/testify v1.12.1/go.mod h1:MDEgiDPPsNp5cuIrHPPCyornHKgEVbtFUmoNlxoYthg=
go.opentelemetry.io/auto/sdk v1.2.1 h1:jXsnJ4Lmnqd11kwkBV2LgLoFMZKizbCi5fNZ/ipaZ64=
go.opentelemetry.io/auto/sdk v1.2.1/go.mod h1:KRTj+aOaElaLi+wW1kO/DZRXwkF4C5xPbEe3ZiIhN7Y=
go.opentelemetry.io/contrib/detectors/gcp v1.46.0 h1:PI8dGkqDaQkwJ8kOopqMhDTbrnK3UIeG/RCHH4HErbo=
go.opentelemetry.io/contrib/detectors/gcp v1.46.0/go.mod h1:nsrN5c/sOLoY2vsPxN/rQ0V0nvGrWJCqcW4UXLtqNG8=
go.opentelemetry.io/contrib/instrumentation/google.golang.org/grpc/otelgrpc v0.70.0 h1:oECp5f+hN7nkwjU/8BxQ/q23bGPb8FIrD839owX222E=
go.opentelemetry.io/contrib/instrumentation/google.golang.org/grpc/otelgrpc v0.70.0/go.mod h1:DqEFwLumhzMBDQv9PcWbyoDxHI/4lAk6CM4nJBH39sc=
go.opentelemetry.io/contrib/instrumentation/net/http/otelhttp v0.70.0 h1:LMuyCAyfalSjDyjdC65nK6N0zoTT63+E/u95X0JovZI=
go.opentelemetry.io/contrib/instrumentation/net/http/otelhttp v0.70.0/go.mod h1:085m8qbm4hgc8rZWGDEa4vmyyo2c3nPxUslYUKUIU04=
go.opentelemetry.io/otel v1.47.0 h1:j7ALJ/zgkS7Z6aeJW09p8VC9804bC+PpeTfCD4XPnOM=
go.opentelemetry.io/otel v1.47.0/go.mod h1:8wS9O2qfXrYrzp6hIF/HOYJJf/wIhFPhR2xLuP+iXQU=
go.opentelemetry.io/otel/exporters/otlp/otlptrace v1.47.0 h1:julhjPeUH/q/7hinbSdDdqt5h7Zw9YWmRlWRhI0jd54=
go.opentelemetry.io/otel/exporters/otlp/otlptrace v1.47.0/go.mod h1:Ao2mz688LH/tFf0yMAenidq6k2YNSx6SIY2q6jDACck=
go.opentelemetry.io/otel/exporters/otlp/otlptrace/otlptracegrpc v1.47.0 h1:UFpxOpYPmMNUtOWhdb+nC1WELIgVf8z9higURrbzYU4=
go.opentelemetry.io/otel/exporters/otlp/otlptrace/otlptracegrpc v1.47.0/go.mod h1:YBGjxe3lt0jtXoEXxGrGhv/jM7oUBUDVK7zhAvNyEjc=
go.opentelemetry.io/otel/log v1.47.0 h1:cOTS1CcLbSQeZKanGJ+0JpF/+t4PELi3O3bbl2lqCcI=
go.opentelemetry.io/otel/log v1.47.0/go.mod h1:9byitSQ5pLC6PpqwGXjqdMKya6ZTswHRZh2vvXT33nw=
go.opentelemetry.io/otel/metric v1.47.0 h1:4PptaldXx3Eat1XjMZ68pPJEs5wrhlemctZE9a3UdWY=
go.opentelemetry.io/otel/metric v1.47.0/go.mod h1:ADGSXxRrXM6bjbvLo535EstVFlPpPYZm4LBKixjDHwU=
go.opentelemetry.io/otel/sdk v1.47.0 h1:zWXEr4j2lFefG87TU6Yg8a7ngfohIKFZHKp0Hf5hC6I=
go.opentelemetry.io/otel/sdk v1.47.0/go.mod h1:VUc24kiOeoGsxG8G9ULx3fWKvB7jMhnGE8Oi607lgR0=
go.opentelemetry.io/otel/sdk/metric v1.47.0 h1:lfISg2j93VT6yqdk9OfUaZmw/GfcZqCCV3jdXtsPnKw=
go.opentelemetry.io/otel/sdk/metric v1.47.0/go.mod h1:ypLp+mW1Nt2x+Szt3b5/i1syodyts49lMOwxpDI3VGw=
go.opentelemetry.io/otel/trace v1.47.0 h1:JOjX/Oci8K94QHddo+bbfya/Ai/nf6/dt9ZfrFNWSrM=
go.opentelemetry.io/otel/trace v1.47.0/go.mod h1:jNaSLa2PZEYFG6fRjJABAu+bw4FS08uDmPg28lTghu0=
go.opentelemetry.io/proto/otlp v1.11.0 h1:5rrYs0Ykyj50sdU/JU0x8etU+LubXWb+gED6TbEdMIk=
go.opentelemetry.io/proto/otlp v1.11.0/go.mod h1:SmVizdCOAm3XBtG1g1NnOdhW6jtddT72hLMhv8VwA8E=
go.yaml.in/yaml/v3 v3.0.5 h1:N6y/pJk8buWs9NY5ERU2HSMfm+IuD/OtfdAnq6kESPw=
go.yaml.in/yaml/v3 v3.0.5/go.mod h1:HVTZu1O7/Vkt2N+BFy8Zza+lnLsABggaTM2ZpNIGuKg=
golang.org/x/crypto v0.57.0 h1:3ZVCjf8Ggz7zneR/EHRVx68Ctf+2pmIMP2UFhh9cC6M=
golang.org/x/crypto v0.57.0/go.mod h1:Fdz0i5U6CoizGwLda9DttjSk6qlZo25zYNtR+ycvuZA=
golang.org/x/net v0.59.0 h1:5zfYln+w5XCxwrnMMJPufRgNoXEaGxl0wo5GqPXyues=
golang.org/x/net v0.59.0/go.mod h1:2DA/G1UfVbCpQPeWTmMPGY7Cs2PkBkwu743bVX5PIVg=
golang.org/x/oauth2 v0.36.0 h1:peZ/1z27fi9hUOFCAZaHyrpWG5lwe0RJEEEeH0ThlIs=
golang.org/x/oauth2 v0.36.0/go.mod h1:YDBUJMTkDnJS+A4BP4eZBjCqtokkg1hODuPjwiGPO7Q=
golang.org/x/sync v0.23.0 h1:KameEIfc1IkluZyXWLn39Wd4tURc6GbCiISGiZm2bQk=
golang.org/x/sync v0.23.0/go.mod h1:sUUOizhqBxiL6pEWpqNLUiaJn1ShEbZ6BBqskPbjZm0=
golang.org/x/sys v0.48.0 h1:bbX/i/6MgT9BVLM9RT1thmxL04yeTAhbEz4SyadbXoo=
golang.org/x/sys v0.48.0/go.mod h1:hNLxWAXmnKAxqDtdwIYC4bM9oQPEecfsnNMuSxOs3og=
golang.org/x/text v0.42.0 h1:JbOZXgfeCPU9gacVtYliJqOhD+zhrEqK4LfdpmlUZqI=
golang.org/x/text v0.42.0/go.mod h1:ojzP1Z+2QtioaF8DTtO8K5q7JWVVYwZKenzujK0Zd0E=
golang.org/x/time v0.15.0 h1:bbrp8t3bGUeFOx08pvsMYRTCVSMk89u4tKbNOZbp88U=
golang.org/x/time v0.15.0/go.mod h1:Y4YMaQmXwGQZoFaVFk4YpCt4FLQMYKZe9oeV/f4MSno=
gonum.org/v1/gonum v0.17.0 h1:VbpOemQlsSMrYmn7T2OUvQ4dqxQXU+ouZFQsZOx50z4=
gonum.org/v1/gonum v0.17.0/go.mod h1:El3tOrEuMpv2UdMrbNlKEh9vd86bmQ6vqIcDwxEOc1E=
google.golang.org/api v0.297.0 h1:WktxTsnnx0yZNnsR6j0q6hR21RnnK81FHTOPy/ux4OE=
google.golang.org/api v0.297.0/go.mod h1:S4m8x0M6OkQpkOzGk1y9JG2sm4fFQrMh6dxzjCTszhE=
google.golang.org/genproto v0.0.0-20260715232425-e75dac1f907d h1:C9v1o0/4quuhOAfmRXA2j+we0PqZIp8traLdeogF3Ms=
google.golang.org/genproto v0.0.0-20260715232425-e75dac1f907d/go.mod h1:Wz2wFJntZFmLGo7pLDXZ3wYk5hyc0Mb+SkHhDDXT+lU=
google.golang.org/genproto/googleapis/api v0.0.0-20260928230214-8a89bd6388cc h1:rZHRz0ogq4Pid1IKtA/ivHi8XONVF5tqUQXA2TtgpkE=
google.golang.org/genproto/googleapis/api v0.0.0-20260928230214-8a89bd6388cc/go.mod h1:K/n0XLazCJHjD73YuMyNJsN38BPPy1kfFnKxUXaThFU=
google.golang.org/genproto/googleapis/rpc v0.0.0-20260928230214-8a89bd6388cc h1:4bNTbnb44EqGVy9HaQxSY2jnafSUdgV3qHtedvNpDKg=
google.golang.org/genproto/googleapis/rpc v0.0.0-20260928230214-8a89bd6388cc/go.mod h1:OaIUM3+LpYcK2GXM4FTmhWoIq371Owdr+Cc7/BsYHHc=
google.golang.org/grpc v1.84.0 h1:soMyaPJ8pAak5PIQ0DGBUir0XRo2fRoMqhNWMLlLxO0=
google.golang.org/grpc v1.84.0/go.mod h1:ljCht0DrxQrXBDRTZp52Qxh3Ffk8CdYm2sj4O2QN2C0=
google.golang.org/protobuf v1.36.12 h1:pJOKDDOyeXErUroCihFAd5LQuwXBSpVnKGrj5o/fwxc=
google.golang.org/protobuf v1.36.12/go.mod h1:HTf+CrKn2C3g5S8VImy6tdcUvCska2kB7j23XfzDpco=
